
Microsoft Visual Studio Solution File, Format Version 12.00
# Visual Studio 15
VisualStudioVersion = 15.0.28010.2019
MinimumVisualStudioVersion = 10.0.40219.1
Project("{FAE04EC0-301F-11D3-BF4B-00C04F79EFBC}") = "CoreSenderApp", "CoreSenderApp\CoreSenderApp.csproj", "{694331C5-7D31-4F3F-9346-9E3C9AD0D058}"
EndProject
Project("{FAE04EC0-301F-11D3-BF4B-00C04F79EFBC}") = "CoreReceiverApp", "CoreReceiverApp\CoreReceiverApp.csproj", "{74521AF9-6A46-4E2F-B779-2B6402BA90B7}"
EndProject
Project("{FAE04EC0-301F-11D3-BF4B-00C04F79EFBC}") = "FunctionMsgSender", "FunctionMsgSender\FunctionMsgSender.csproj", "{0EB1E982-6376-49D9-B22A-93B0F5818C9E}"
EndProject
Project("{FAE04EC0-301F-11D3-BF4B-00C04F79EFBC}") = "FunctionMsgReceiver", "FunctionMsgReceiver\FunctionMsgReceiver.csproj", "{31F17963-F44B-47DD-B6D2-976B3537A147}"
EndProject
Global
	GlobalSection(SolutionConfigurationPlatforms) = preSolution
		Debug|Any CPU = Debug|Any CPU
		Release|Any CPU = Release|Any CPU
	EndGlobalSection
	GlobalSection(ProjectConfigurationPlatforms) = postSolution
		{694331C5-7D31-4F3F-9346-9E3C9AD0D058}.Debug|Any CPU.ActiveCfg = Debug|Any CPU
		{694331C5-7D31-4F3F-9346-9E3C9AD0D058}.Debug|Any CPU.Build.0 = Debug|Any CPU
		{694331C5-7D31-4F3F-9346-9E3C9AD0D058}.Release|Any CPU.ActiveCfg = Release|Any CPU
		{694331C5-7D31-4F3F-9346-9E3C9AD0D058}.Release|Any CPU.Build.0 = Release|Any CPU
		{74521AF9-6A46-4E2F-B779-2B6402BA90B7}.Debug|Any CPU.ActiveCfg = Debug|Any CPU
		{74521AF9-6A46-4E2F-B779-2B6402BA90B7}.Debug|Any CPU.Build.0 = Debug|Any CPU
		{74521AF9-6A46-4E2F-B779-2B6402BA90B7}.Release|Any CPU.ActiveCfg = Release|Any CPU
		{74521AF9-6A46-4E2F-B779-2B6402BA90B7}.Release|Any CPU.Build.0 = Release|Any CPU
		{0EB1E982-6376-49D9-B22A-93B0F5818C9E}.Debug|Any CPU.ActiveCfg = Debug|Any CPU
		{0EB1E982-6376-49D9-B22A-93B0F5818C9E}.Debug|Any CPU.Build.0 = Debug|Any CPU
		{0EB1E982-6376-49D9-B22A-93B0F5818C9E}.Release|Any CPU.ActiveCfg = Release|Any CPU
		{0EB1E982-6376-49D9-B22A-93B0F5818C9E}.Release|Any CPU.Build.0 = Release|Any CPU
		{31F17963-F44B-47DD-B6D2-976B3537A147}.Debug|Any CPU.ActiveCfg = Debug|Any CPU
		{31F17963-F44B-47DD-B6D2-976B3537A147}.Debug|Any CPU.Build.0 = Debug|Any CPU
		{31F17963-F44B-47DD-B6D2-976B3537A147}.Release|Any CPU.ActiveCfg = Release|Any CPU
		{31F17963-F44B-47DD-B6D2-976B3537A147}.Release|Any CPU.Build.0 = Release|Any CPU
	EndGlobalSection
	GlobalSection(SolutionProperties) = preSolution
		HideSolutionNode = FALSE
	EndGlobalSection
	GlobalSection(ExtensibilityGlobals) = postSolution
		SolutionGuid = {8724FBB2-D02E-43F4-9319-DEE9157D9327}
	EndGlobalSection
EndGlobal
